
Microsoft Visual Studio Solution File, Format Version 12.00
# Visual Studio Version 17
VisualStudioVersion = 17.0.32014.148
MinimumVisualStudioVersion = 10.0.40219.1
Project("{FAE04EC0-301F-11D3-BF4B-00C04F79EFBC}") = "LabOOAutoEscola", "LabOOAutoEscola\LabOOAutoEscola.csproj", "{C7F72A9B-6CDB-45D2-9CBC-445F8F433727}"
EndProject
Global
	GlobalSection(SolutionConfigurationPlatforms) = preSolution
		Debug|Any CPU = Debug|Any CPU
		Release|Any CPU = Release|Any CPU
	EndGlobalSection
	GlobalSection(ProjectConfigurationPlatforms) = postSolution
		{C7F72A9B-6CDB-45D2-9CBC-445F8F433727}.Debug|Any CPU.ActiveCfg = Debug|Any CPU
		{C7F72A9B-6CDB-45D2-9CBC-445F8F433727}.Debug|Any CPU.Build.0 = Debug|Any CPU
		{C7F72A9B-6CDB-45D2-9CBC-445F8F433727}.Release|Any CPU.ActiveCfg = Release|Any CPU
		{C7F72A9B-6CDB-45D2-9CBC-445F8F433727}.Release|Any CPU.Build.0 = Release|Any CPU
	EndGlobalSection
	GlobalSection(SolutionProperties) = preSolution
		HideSolutionNode = FALSE
	EndGlobalSection
	GlobalSection(ExtensibilityGlobals) = postSolution
		SolutionGuid = {C166FD98-E449-4D9F-A1A4-DF2847A26B34}
	EndGlobalSection
EndGlobal
